
Microsoft Visual Studio Solution File, Format Version 12.00
# Visual Studio Version 16
VisualStudioVersion = 16.0.29006.145
MinimumVisualStudioVersion = 10.0.40219.1
Project("{9A19103F-16F7-4668-BE54-9A1E7A4F7556}") = "ApiBoilerPlate", "ApiBoilerPlate\ApiBoilerPlate.csproj", "{8275028E-5B03-4077-A8F4-848431F024E5}"
EndProject
Project("{9A19103F-16F7-4668-BE54-9A1E7A4F7556}") = "ApiBoilerPlate.Test", "ApiBoilerPlate.Test\ApiBoilerPlate.Test.csproj", "{96A57BE1-6DEF-491B-9DDE-6EBEB919902E}"
EndProject
Global
	GlobalSection(SolutionConfigurationPlatforms) = preSolution
		Debug|Any CPU = Debug|Any CPU
		Release|Any CPU = Release|Any CPU
	EndGlobalSection
	GlobalSection(ProjectConfigurationPlatforms) = postSolution
		{8275028E-5B03-4077-A8F4-848431F024E5}.Debug|Any CPU.ActiveCfg = Debug|Any CPU
		{8275028E-5B03-4077-A8F4-848431F024E5}.Debug|Any CPU.Build.0 = Debug|Any CPU
		{8275028E-5B03-4077-A8F4-848431F024E5}.Release|Any CPU.ActiveCfg = Release|Any CPU
		{8275028E-5B03-4077-A8F4-848431F024E5}.Release|Any CPU.Build.0 = Release|Any CPU
		{96A57BE1-6DEF-491B-9DDE-6EBEB919902E}.Debug|Any CPU.ActiveCfg = Debug|Any CPU
		{96A57BE1-6DEF-491B-9DDE-6EBEB919902E}.Debug|Any CPU.Build.0 = Debug|Any CPU
		{96A57BE1-6DEF-491B-9DDE-6EBEB919902E}.Release|Any CPU.ActiveCfg = Release|Any CPU
		{96A57BE1-6DEF-491B-9DDE-6EBEB919902E}.Release|Any CPU.Build.0 = Release|Any CPU
	EndGlobalSection
	GlobalSection(SolutionProperties) = preSolution
		HideSolutionNode = FALSE
	EndGlobalSection
	GlobalSection(ExtensibilityGlobals) = postSolution
		SolutionGuid = {E8FDF6AF-046A-4F3E-9A4D-97C10A249655}
	EndGlobalSection
EndGlobal
